// !$*UTF8*$!
{
	archiveVersion = 1;
	classes = {
	};
	objectVersion = 46;
	objects = {

/* Begin PBXBuildFile section */
		5A328F191EC6FA4A00E71294 /* MyTableViewController.swift in Sources */ = {isa = PBXBuildFile; fileRef = 5A328F181EC6FA4A00E71294 /* MyTableViewController.swift */; };
		5A54BE231EC5C7320038358F /* AppDelegate.swift in Sources */ = {isa = PBXBuildFile; fileRef = 5A54BE221EC5C7320038358F /* AppDelegate.swift */; };
		5A54BE281EC5C7320038358F /* Main.storyboard in Resources */ = {isa = PBXBuildFile; fileRef = 5A54BE261EC5C7320038358F /* Main.storyboard */; };
		5A54BE2A1EC5C7320038358F /* Assets.xcassets in Resources */ = {isa = PBXBuildFile; fileRef = 5A54BE291EC5C7320038358F /* Assets.xcassets */; };
		5A54BE2D1EC5C7320038358F /* LaunchScreen.storyboard in Resources */ = {isa = PBXBuildFile; fileRef = 5A54BE2B1EC5C7320038358F /* LaunchScreen.storyboard */; };
		5A54BE351EC5C74C0038358F /* MyVKDelegate.swift in Sources */ = {isa = PBXBuildFile; fileRef = 5A54BE341EC5C74C0038358F /* MyVKDelegate.swift */; };
		5A73F8B41ECA3E5C0037B02C /* FriendPhotoViewController.swift in Sources */ = {isa = PBXBuildFile; fileRef = 5A73F8B31ECA3E5C0037B02C /* FriendPhotoViewController.swift */; };
		5A785AE31EC5F27500D8ED85 /* Friend.swift in Sources */ = {isa = PBXBuildFile; fileRef = 5A785AE21EC5F27500D8ED85 /* Friend.swift */; };
		5AA50E6D1ECAD56000A3E396 /* libwebp.framework in Frameworks */ = {isa = PBXBuildFile; fileRef = 5AA50E6C1ECAD56000A3E396 /* libwebp.framework */; };
		5AA50E6E1ECAD56000A3E396 /* libwebp.framework in Embed Frameworks */ = {isa = PBXBuildFile; fileRef = 5AA50E6C1ECAD56000A3E396 /* libwebp.framework */; settings = {ATTRIBUTES = (CodeSignOnCopy, RemoveHeadersOnCopy, ); }; };
		5AA50E701ECAD56E00A3E396 /* SDWebImage.framework in Frameworks */ = {isa = PBXBuildFile; fileRef = 5AA50E6F1ECAD56E00A3E396 /* SDWebImage.framework */; };
		5AA50E711ECAD56E00A3E396 /* SDWebImage.framework in Embed Frameworks */ = {isa = PBXBuildFile; fileRef = 5AA50E6F1ECAD56E00A3E396 /* SDWebImage.framework */; settings = {ATTRIBUTES = (CodeSignOnCopy, RemoveHeadersOnCopy, ); }; };
		5AA50E731ECAD57800A3E396 /* SwiftyVK.framework in Frameworks */ = {isa = PBXBuildFile; fileRef = 5AA50E721ECAD57800A3E396 /* SwiftyVK.framework */; };
		5AA50E741ECAD57800A3E396 /* SwiftyVK.framework in Embed Frameworks */ = {isa = PBXBuildFile; fileRef = 5AA50E721ECAD57800A3E396 /* SwiftyVK.framework */; settings = {ATTRIBUTES = (CodeSignOnCopy, RemoveHeadersOnCopy, ); }; };
/* End PBXBuildFile section */

/* Begin PBXCopyFilesBuildPhase section */
		5A54BE3E1EC5DA800038358F /* Embed Frameworks */ = {
			isa = PBXCopyFilesBuildPhase;
			buildActionMask = 2147483647;
			dstPath = "";
			dstSubfolderSpec = 10;
			files = (
				5AA50E741ECAD57800A3E396 /* SwiftyVK.framework in Embed Frameworks */,
				5AA50E711ECAD56E00A3E396 /* SDWebImage.framework in Embed Frameworks */,
				5AA50E6E1ECAD56000A3E396 /* libwebp.framework in Embed Frameworks */,
			);
			name = "Embed Frameworks";
			runOnlyForDeploymentPostprocessing = 0;
		};
/* End PBXCopyFilesBuildPhase section */

/* Begin PBXFileReference section */
		5A328F181EC6FA4A00E71294 /* MyTableViewController.swift */ = {isa = PBXFileReference; fileEncoding = 4; lastKnownFileType = sourcecode.swift; path = MyTableViewController.swift; sourceTree = "<group>"; };
		5A54BE1F1EC5C7320038358F /* Test VK.app */ = {isa = PBXFileReference; explicitFileType = wrapper.application; includeInIndex = 0; path = "Test VK.app"; sourceTree = BUILT_PRODUCTS_DIR; };
		5A54BE221EC5C7320038358F /* AppDelegate.swift */ = {isa = PBXFileReference; lastKnownFileType = sourcecode.swift; path = AppDelegate.swift; sourceTree = "<group>"; };
		5A54BE271EC5C7320038358F /* Base */ = {isa = PBXFileReference; lastKnownFileType = file.storyboard; name = Base; path = Base.lproj/Main.storyboard; sourceTree = "<group>"; };
		5A54BE291EC5C7320038358F /* Assets.xcassets */ = {isa = PBXFileReference; lastKnownFileType = folder.assetcatalog; path = Assets.xcassets; sourceTree = "<group>"; };
		5A54BE2C1EC5C7320038358F /* Base */ = {isa = PBXFileReference; lastKnownFileType = file.storyboard; name = Base; path = Base.lproj/LaunchScreen.storyboard; sourceTree = "<group>"; };
		5A54BE2E1EC5C7320038358F /* Info.plist */ = {isa = PBXFileReference; lastKnownFileType = text.plist.xml; path = Info.plist; sourceTree = "<group>"; };
		5A54BE341EC5C74C0038358F /* MyVKDelegate.swift */ = {isa = PBXFileReference; fileEncoding = 4; lastKnownFileType = sourcecode.swift; path = MyVKDelegate.swift; sourceTree = "<group>"; };
		5A73F8B31ECA3E5C0037B02C /* FriendPhotoViewController.swift */ = {isa = PBXFileReference; fileEncoding = 4; lastKnownFileType = sourcecode.swift; path = FriendPhotoViewController.swift; sourceTree = "<group>"; };
		5A785AE21EC5F27500D8ED85 /* Friend.swift */ = {isa = PBXFileReference; fileEncoding = 4; lastKnownFileType = sourcecode.swift; path = Friend.swift; sourceTree = "<group>"; };
		5AA50E6C1ECAD56000A3E396 /* libwebp.framework */ = {isa = PBXFileReference; lastKnownFileType = wrapper.framework; name = libwebp.framework; path = Frameworks/libwebp.framework; sourceTree = "<group>"; };
		5AA50E6F1ECAD56E00A3E396 /* SDWebImage.framework */ = {isa = PBXFileReference; lastKnownFileType = wrapper.framework; name = SDWebImage.framework; path = Frameworks/SDWebImage.framework; sourceTree = "<group>"; };
		5AA50E721ECAD57800A3E396 /* SwiftyVK.framework */ = {isa = PBXFileReference; lastKnownFileType = wrapper.framework; name = SwiftyVK.framework; path = Frameworks/SwiftyVK.framework; sourceTree = "<group>"; };
/* End PBXFileReference section */

/* Begin PBXFrameworksBuildPhase section */
		5A54BE1C1EC5C7320038358F /* Frameworks */ = {
			isa = PBXFrameworksBuildPhase;
			buildActionMask = 2147483647;
			files = (
				5AA50E731ECAD57800A3E396 /* SwiftyVK.framework in Frameworks */,
				5AA50E701ECAD56E00A3E396 /* SDWebImage.framework in Frameworks */,
				5AA50E6D1ECAD56000A3E396 /* libwebp.framework in Frameworks */,
			);
			runOnlyForDeploymentPostprocessing = 0;
		};
/* End PBXFrameworksBuildPhase section */

/* Begin PBXGroup section */
		5A54BE161EC5C7310038358F = {
			isa = PBXGroup;
			children = (
				5A54BE211EC5C7320038358F /* Test VK */,
				5A54BE201EC5C7320038358F /* Products */,
				7F06C4FCE6F4A32057631B17 /* Frameworks */,
			);
			sourceTree = "<group>";
		};
		5A54BE201EC5C7320038358F /* Products */ = {
			isa = PBXGroup;
			children = (
				5A54BE1F1EC5C7320038358F /* Test VK.app */,
			);
			name = Products;
			sourceTree = "<group>";
		};
		5A54BE211EC5C7320038358F /* Test VK */ = {
			isa = PBXGroup;
			children = (
				5A54BE221EC5C7320038358F /* AppDelegate.swift */,
				5A328F181EC6FA4A00E71294 /* MyTableViewController.swift */,
				5A785AE21EC5F27500D8ED85 /* Friend.swift */,
				5A54BE341EC5C74C0038358F /* MyVKDelegate.swift */,
				5A73F8B31ECA3E5C0037B02C /* FriendPhotoViewController.swift */,
				5A54BE261EC5C7320038358F /* Main.storyboard */,
				5A54BE291EC5C7320038358F /* Assets.xcassets */,
				5A54BE2B1EC5C7320038358F /* LaunchScreen.storyboard */,
				5A54BE2E1EC5C7320038358F /* Info.plist */,
			);
			path = "Test VK";
			sourceTree = "<group>";
		};
		7F06C4FCE6F4A32057631B17 /* Frameworks */ = {
			isa = PBXGroup;
			children = (
				5AA50E721ECAD57800A3E396 /* SwiftyVK.framework */,
				5AA50E6F1ECAD56E00A3E396 /* SDWebImage.framework */,
				5AA50E6C1ECAD56000A3E396 /* libwebp.framework */,
			);
			name = Frameworks;
			sourceTree = "<group>";
		};
/* End PBXGroup section */

/* Begin PBXNativeTarget section */
		5A54BE1E1EC5C7320038358F /* Test VK */ = {
			isa = PBXNativeTarget;
			buildConfigurationList = 5A54BE311EC5C7320038358F /* Build configuration list for PBXNativeTarget "Test VK" */;
			buildPhases = (
				5A54BE1B1EC5C7320038358F /* Sources */,
				5A54BE1C1EC5C7320038358F /* Frameworks */,
				5A54BE1D1EC5C7320038358F /* Resources */,
				5A54BE3E1EC5DA800038358F /* Embed Frameworks */,
			);
			buildRules = (
			);
			dependencies = (
			);
			name = "Test VK";
			productName = "Test VK";
			productReference = 5A54BE1F1EC5C7320038358F /* Test VK.app */;
			productType = "com.apple.product-type.application";
		};
/* End PBXNativeTarget section */

/* Begin PBXProject section */
		5A54BE171EC5C7310038358F /* Project object */ = {
			isa = PBXProject;
			attributes = {
				LastSwiftUpdateCheck = 0830;
				LastUpgradeCheck = 0830;
				ORGANIZATIONNAME = "Stepan Chegrenev";
				TargetAttributes = {
					5A54BE1E1EC5C7320038358F = {
						CreatedOnToolsVersion = 8.3;
						DevelopmentTeam = BB698X697F;
						ProvisioningStyle = Automatic;
						SystemCapabilities = {
							com.apple.Keychain = {
								enabled = 0;
							};
						};
					};
				};
			};
			buildConfigurationList = 5A54BE1A1EC5C7310038358F /* Build configuration list for PBXProject "Test VK" */;
			compatibilityVersion = "Xcode 3.2";
			developmentRegion = English;
			hasScannedForEncodings = 0;
			knownRegions = (
				en,
				Base,
			);
			mainGroup = 5A54BE161EC5C7310038358F;
			productRefGroup = 5A54BE201EC5C7320038358F /* Products */;
			projectDirPath = "";
			projectRoot = "";
			targets = (
				5A54BE1E1EC5C7320038358F /* Test VK */,
			);
		};
/* End PBXProject section */

/* Begin PBXResourcesBuildPhase section */
		5A54BE1D1EC5C7320038358F /* Resources */ = {
			isa = PBXResourcesBuildPhase;
			buildActionMask = 2147483647;
			files = (
				5A54BE2D1EC5C7320038358F /* LaunchScreen.storyboard in Resources */,
				5A54BE2A1EC5C7320038358F /* Assets.xcassets in Resources */,
				5A54BE281EC5C7320038358F /* Main.storyboard in Resources */,
			);
			runOnlyForDeploymentPostprocessing = 0;
		};
/* End PBXResourcesBuildPhase section */

/* Begin PBXSourcesBuildPhase section */
		5A54BE1B1EC5C7320038358F /* Sources */ = {
			isa = PBXSourcesBuildPhase;
			buildActionMask = 2147483647;
			files = (
				5A328F191EC6FA4A00E71294 /* MyTableViewController.swift in Sources */,
				5A54BE351EC5C74C0038358F /* MyVKDelegate.swift in Sources */,
				5A73F8B41ECA3E5C0037B02C /* FriendPhotoViewController.swift in Sources */,
				5A785AE31EC5F27500D8ED85 /* Friend.swift in Sources */,
				5A54BE231EC5C7320038358F /* AppDelegate.swift in Sources */,
			);
			runOnlyForDeploymentPostprocessing = 0;
		};
/* End PBXSourcesBuildPhase section */

/* Begin PBXVariantGroup section */
		5A54BE261EC5C7320038358F /* Main.storyboard */ = {
			isa = PBXVariantGroup;
			children = (
				5A54BE271EC5C7320038358F /* Base */,
			);
			name = Main.storyboard;
			sourceTree = "<group>";
		};
		5A54BE2B1EC5C7320038358F /* LaunchScreen.storyboard */ = {
			isa = PBXVariantGroup;
			children = (
				5A54BE2C1EC5C7320038358F /* Base */,
			);
			name = LaunchScreen.storyboard;
			sourceTree = "<group>";
		};
/* End PBXVariantGroup section */

/* Begin XCBuildConfiguration section */
		5A54BE2F1EC5C7320038358F /* Debug */ = {
			isa = XCBuildConfiguration;
			buildSettings = {
				ALWAYS_SEARCH_USER_PATHS = NO;
				CLANG_ANALYZER_NONNULL = YES;
				CLANG_ANALYZER_NUMBER_OBJECT_CONVERSION = YES_AGGRESSIVE;
				CLANG_CXX_LANGUAGE_STANDARD = "gnu++0x";
				CLANG_CXX_LIBRARY = "libc++";
				CLANG_ENABLE_MODULES = YES;
				CLANG_ENABLE_OBJC_ARC = YES;
				CLANG_WARN_BOOL_CONVERSION = YES;
				CLANG_WARN_CONSTANT_CONVERSION = YES;
				CLANG_WARN_DIRECT_OBJC_ISA_USAGE = YES_ERROR;
				CLANG_WARN_DOCUMENTATION_COMMENTS = YES;
				CLANG_WARN_EMPTY_BODY = YES;
				CLANG_WARN_ENUM_CONVERSION = YES;
				CLANG_WARN_INFINITE_RECURSION = YES;
				CLANG_WARN_INT_CONVERSION = YES;
				CLANG_WARN_OBJC_ROOT_CLASS = YES_ERROR;
				CLANG_WARN_SUSPICIOUS_MOVE = YES;
				CLANG_WARN_UNREACHABLE_CODE = YES;
				CLANG_WARN__DUPLICATE_METHOD_MATCH = YES;
				"CODE_SIGN_IDENTITY[sdk=iphoneos*]" = "iPhone Developer";
				COPY_PHASE_STRIP = NO;
				DEBUG_INFORMATION_FORMAT = dwarf;
				ENABLE_STRICT_OBJC_MSGSEND = YES;
				ENABLE_TESTABILITY = YES;
				GCC_C_LANGUAGE_STANDARD = gnu99;
				GCC_DYNAMIC_NO_PIC = NO;
				GCC_NO_COMMON_BLOCKS = YES;
				GCC_OPTIMIZATION_LEVEL = 0;
				GCC_PREPROCESSOR_DEFINITIONS = (
					"DEBUG=1",
					"$(inherited)",
				);
				GCC_WARN_64_TO_32_BIT_CONVERSION = YES;
				GCC_WARN_ABOUT_RETURN_TYPE = YES_ERROR;
				GCC_WARN_UNDECLARED_SELECTOR = YES;
				GCC_WARN_UNINITIALIZED_AUTOS = YES_AGGRESSIVE;
				GCC_WARN_UNUSED_FUNCTION = YES;
				GCC_WARN_UNUSED_VARIABLE = YES;
				IPHONEOS_DEPLOYMENT_TARGET = 10.3;
				MTL_ENABLE_DEBUG_INFO = YES;
				ONLY_ACTIVE_ARCH = YES;
				SDKROOT = iphoneos;
				SWIFT_ACTIVE_COMPILATION_CONDITIONS = DEBUG;
				SWIFT_OPTIMIZATION_LEVEL = "-Onone";
				TARGETED_DEVICE_FAMILY = "1,2";
			};
			name = Debug;
		};
		5A54BE301EC5C7320038358F /* Release */ = {
			isa = XCBuildConfiguration;
			buildSettings = {
				ALWAYS_SEARCH_USER_PATHS = NO;
				CLANG_ANALYZER_NONNULL = YES;
				CLANG_ANALYZER_NUMBER_OBJECT_CONVERSION = YES_AGGRESSIVE;
				CLANG_CXX_LANGUAGE_STANDARD = "gnu++0x";
				CLANG_CXX_LIBRARY = "libc++";
				CLANG_ENABLE_MODULES = YES;
				CLANG_ENABLE_OBJC_ARC = YES;
				CLANG_WARN_BOOL_CONVERSION = YES;
				CLANG_WARN_CONSTANT_CONVERSION = YES;
				CLANG_WARN_DIRECT_OBJC_ISA_USAGE = YES_ERROR;
				CLANG_WARN_DOCUMENTATION_COMMENTS = YES;
				CLANG_WARN_EMPTY_BODY = YES;
				CLANG_WARN_ENUM_CONVERSION = YES;
				CLANG_WARN_INFINITE_RECURSION = YES;
				CLANG_WARN_INT_CONVERSION = YES;
				CLANG_WARN_OBJC_ROOT_CLASS = YES_ERROR;
				CLANG_WARN_SUSPICIOUS_MOVE = YES;
				CLANG_WARN_UNREACHABLE_CODE = YES;
				CLANG_WARN__DUPLICATE_METHOD_MATCH = YES;
				"CODE_SIGN_IDENTITY[sdk=iphoneos*]" = "iPhone Developer";
				COPY_PHASE_STRIP = NO;
				DEBUG_INFORMATION_FORMAT = "dwarf-with-dsym";
				ENABLE_NS_ASSERTIONS = NO;
				ENABLE_STRICT_OBJC_MSGSEND = YES;
				GCC_C_LANGUAGE_STANDARD = gnu99;
				GCC_NO_COMMON_BLOCKS = YES;
				GCC_WARN_64_TO_32_BIT_CONVERSION = YES;
				GCC_WARN_ABOUT_RETURN_TYPE = YES_ERROR;
				GCC_WARN_UNDECLARED_SELECTOR = YES;
				GCC_WARN_UNINITIALIZED_AUTOS = YES_AGGRESSIVE;
				GCC_WARN_UNUSED_FUNCTION = YES;
				GCC_WARN_UNUSED_VARIABLE = YES;
				IPHONEOS_DEPLOYMENT_TARGET = 10.3;
				MTL_ENABLE_DEBUG_INFO = NO;
				SDKROOT = iphoneos;
				SWIFT_OPTIMIZATION_LEVEL = "-Owholemodule";
				TARGETED_DEVICE_FAMILY = "1,2";
				VALIDATE_PRODUCT = YES;
			};
			name = Release;
		};
		5A54BE321EC5C7320038358F /* Debug */ = {
			isa = XCBuildConfiguration;
			buildSettings = {
				ALWAYS_EMBED_SWIFT_STANDARD_LIBRARIES = YES;
				ASSETCATALOG_COMPILER_APPICON_NAME = AppIcon;
				DEVELOPMENT_TEAM = BB698X697F;
				FRAMEWORK_SEARCH_PATHS = (
					"$(inherited)",
					"$(PROJECT_DIR)/Frameworks",
				);
				INFOPLIST_FILE = "Test VK/Info.plist";
				IPHONEOS_DEPLOYMENT_TARGET = 10.3;
				LD_RUNPATH_SEARCH_PATHS = "$(inherited) @executable_path/Frameworks";
				PRODUCT_BUNDLE_IDENTIFIER = "com.stepanchegrenev.Test-VK";
				PRODUCT_NAME = "$(TARGET_NAME)";
				SWIFT_VERSION = 3.0;
			};
			name = Debug;
		};
		5A54BE331EC5C7320038358F /* Release */ = {
			isa = XCBuildConfiguration;
			buildSettings = {
				ALWAYS_EMBED_SWIFT_STANDARD_LIBRARIES = YES;
				ASSETCATALOG_COMPILER_APPICON_NAME = AppIcon;
				DEVELOPMENT_TEAM = BB698X697F;
				FRAMEWORK_SEARCH_PATHS = (
					"$(inherited)",
					"$(PROJECT_DIR)/Frameworks",
				);
				INFOPLIST_FILE = "Test VK/Info.plist";
				IPHONEOS_DEPLOYMENT_TARGET = 10.3;
				LD_RUNPATH_SEARCH_PATHS = "$(inherited) @executable_path/Frameworks";
				PRODUCT_BUNDLE_IDENTIFIER = "com.stepanchegrenev.Test-VK";
				PRODUCT_NAME = "$(TARGET_NAME)";
				SWIFT_VERSION = 3.0;
			};
			name = Release;
		};
/* End XCBuildConfiguration section */

/* Begin XCConfigurationList section */
		5A54BE1A1EC5C7310038358F /* Build configuration list for PBXProject "Test VK" */ = {
			isa = XCConfigurationList;
			buildConfigurations = (
				5A54BE2F1EC5C7320038358F /* Debug */,
				5A54BE301EC5C7320038358F /* Release */,
			);
			defaultConfigurationIsVisible = 0;
			defaultConfigurationName = Release;
		};
		5A54BE311EC5C7320038358F /* Build configuration list for PBXNativeTarget "Test VK" */ = {
			isa = XCConfigurationList;
			buildConfigurations = (
				5A54BE321EC5C7320038358F /* Debug */,
				5A54BE331EC5C7320038358F /* Release */,
			);
			defaultConfigurationIsVisible = 0;
			defaultConfigurationName = Release;
		};
/* End XCConfigurationList section */
	};
	rootObject = 5A54BE171EC5C7310038358F /* Project object */;
}
